
Microsoft Visual Studio Solution File, Format Version 12.00
# Visual Studio Version 17
VisualStudioVersion = 17.7.33808.371
MinimumVisualStudioVersion = 10.0.40219.1
Project("{9A19103F-16F7-4668-BE54-9A1E7A4F7556}") = "ProEventos.Application", "ProEventos.Application\ProEventos.Application.csproj", "{07844920-B563-4390-8A54-4FA6C8C9328E}"
EndProject
Project("{9A19103F-16F7-4668-BE54-9A1E7A4F7556}") = "ProEventos.Persistence", "ProEventos.Persistence\ProEventos.Persistence.csproj", "{A2E353D3-AC5A-4842-843D-1488B6BD2BDD}"
EndProject
Project("{9A19103F-16F7-4668-BE54-9A1E7A4F7556}") = "ProEventos.Domain", "ProEventos.Domain\ProEventos.Domain.csproj", "{5F0A0629-A5A5-4BB9-9991-86459D206232}"
EndProject
Project("{9A19103F-16F7-4668-BE54-9A1E7A4F7556}") = "ProEventos.API", "ProEventos.API\ProEventos.API.csproj", "{04DB1462-F972-4E09-B7C0-CEC2830B02CC}"
EndProject
Global
	GlobalSection(SolutionConfigurationPlatforms) = preSolution
		Debug|Any CPU = Debug|Any CPU
		Debug|x64 = Debug|x64
		Debug|x86 = Debug|x86
		Release|Any CPU = Release|Any CPU
		Release|x64 = Release|x64
		Release|x86 = Release|x86
	EndGlobalSection
	GlobalSection(ProjectConfigurationPlatforms) = postSolution
		{07844920-B563-4390-8A54-4FA6C8C9328E}.Debug|Any CPU.ActiveCfg = Debug|Any CPU
		{07844920-B563-4390-8A54-4FA6C8C9328E}.Debug|Any CPU.Build.0 = Debug|Any CPU
		{07844920-B563-4390-8A54-4FA6C8C9328E}.Debug|x64.ActiveCfg = Debug|Any CPU
		{07844920-B563-4390-8A54-4FA6C8C9328E}.Debug|x64.Build.0 = Debug|Any CPU
		{07844920-B563-4390-8A54-4FA6C8C9328E}.Debug|x86.ActiveCfg = Debug|Any CPU
		{07844920-B563-4390-8A54-4FA6C8C9328E}.Debug|x86.Build.0 = Debug|Any CPU
		{07844920-B563-4390-8A54-4FA6C8C9328E}.Release|Any CPU.ActiveCfg = Release|Any CPU
		{07844920-B563-4390-8A54-4FA6C8C9328E}.Release|Any CPU.Build.0 = Release|Any CPU
		{07844920-B563-4390-8A54-4FA6C8C9328E}.Release|x64.ActiveCfg = Release|Any CPU
		{07844920-B563-4390-8A54-4FA6C8C9328E}.Release|x64.Build.0 = Release|Any CPU
		{07844920-B563-4390-8A54-4FA6C8C9328E}.Release|x86.ActiveCfg = Release|Any CPU
		{07844920-B563-4390-8A54-4FA6C8C9328E}.Release|x86.Build.0 = Release|Any CPU
		{A2E353D3-AC5A-4842-843D-1488B6BD2BDD}.Debug|Any CPU.ActiveCfg = Debug|Any CPU
		{A2E353D3-AC5A-4842-843D-1488B6BD2BDD}.Debug|Any CPU.Build.0 = Debug|Any CPU
		{A2E353D3-AC5A-4842-843D-1488B6BD2BDD}.Debug|x64.ActiveCfg = Debug|Any CPU
		{A2E353D3-AC5A-4842-843D-1488B6BD2BDD}.Debug|x64.Build.0 = Debug|Any CPU
		{A2E353D3-AC5A-4842-843D-1488B6BD2BDD}.Debug|x86.ActiveCfg = Debug|Any CPU
		{A2E353D3-AC5A-4842-843D-1488B6BD2BDD}.Debug|x86.Build.0 = Debug|Any CPU
		{A2E353D3-AC5A-4842-843D-1488B6BD2BDD}.Release|Any CPU.ActiveCfg = Release|Any CPU
		{A2E353D3-AC5A-4842-843D-1488B6BD2BDD}.Release|Any CPU.Build.0 = Release|Any CPU
		{A2E353D3-AC5A-4842-843D-1488B6BD2BDD}.Release|x64.ActiveCfg = Release|Any CPU
		{A2E353D3-AC5A-4842-843D-1488B6BD2BDD}.Release|x64.Build.0 = Release|Any CPU
		{A2E353D3-AC5A-4842-843D-1488B6BD2BDD}.Release|x86.ActiveCfg = Release|Any CPU
		{A2E353D3-AC5A-4842-843D-1488B6BD2BDD}.Release|x86.Build.0 = Release|Any CPU
		{5F0A0629-A5A5-4BB9-9991-86459D206232}.Debug|Any CPU.ActiveCfg = Debug|Any CPU
		{5F0A0629-A5A5-4BB9-9991-86459D206232}.Debug|Any CPU.Build.0 = Debug|Any CPU
		{5F0A0629-A5A5-4BB9-9991-86459D206232}.Debug|x64.ActiveCfg = Debug|Any CPU
		{5F0A0629-A5A5-4BB9-9991-86459D206232}.Debug|x64.Build.0 = Debug|Any CPU
		{5F0A0629-A5A5-4BB9-9991-86459D206232}.Debug|x86.ActiveCfg = Debug|Any CPU
		{5F0A0629-A5A5-4BB9-9991-86459D206232}.Debug|x86.Build.0 = Debug|Any CPU
		{5F0A0629-A5A5-4BB9-9991-86459D206232}.Release|Any CPU.ActiveCfg = Release|Any CPU
		{5F0A0629-A5A5-4BB9-9991-86459D206232}.Release|Any CPU.Build.0 = Release|Any CPU
		{5F0A0629-A5A5-4BB9-9991-86459D206232}.Release|x64.ActiveCfg = Release|Any CPU
		{5F0A0629-A5A5-4BB9-9991-86459D206232}.Release|x64.Build.0 = Release|Any CPU
		{5F0A0629-A5A5-4BB9-9991-86459D206232}.Release|x86.ActiveCfg = Release|Any CPU
		{5F0A0629-A5A5-4BB9-9991-86459D206232}.Release|x86.Build.0 = Release|Any CPU
		{04DB1462-F972-4E09-B7C0-CEC2830B02CC}.Debug|Any CPU.ActiveCfg = Debug|Any CPU
		{04DB1462-F972-4E09-B7C0-CEC2830B02CC}.Debug|Any CPU.Build.0 = Debug|Any CPU
		{04DB1462-F972-4E09-B7C0-CEC2830B02CC}.Debug|x64.ActiveCfg = Debug|Any CPU
		{04DB1462-F972-4E09-B7C0-CEC2830B02CC}.Debug|x64.Build.0 = Debug|Any CPU
		{04DB1462-F972-4E09-B7C0-CEC2830B02CC}.Debug|x86.ActiveCfg = Debug|Any CPU
		{04DB1462-F972-4E09-B7C0-CEC2830B02CC}.Debug|x86.Build.0 = Debug|Any CPU
		{04DB1462-F972-4E09-B7C0-CEC2830B02CC}.Release|Any CPU.ActiveCfg = Release|Any CPU
		{04DB1462-F972-4E09-B7C0-CEC2830B02CC}.Release|Any CPU.Build.0 = Release|Any CPU
		{04DB1462-F972-4E09-B7C0-CEC2830B02CC}.Release|x64.ActiveCfg = Release|Any CPU
		{04DB1462-F972-4E09-B7C0-CEC2830B02CC}.Release|x64.Build.0 = Release|Any CPU
		{04DB1462-F972-4E09-B7C0-CEC2830B02CC}.Release|x86.ActiveCfg = Release|Any CPU
		{04DB1462-F972-4E09-B7C0-CEC2830B02CC}.Release|x86.Build.0 = Release|Any CPU
	EndGlobalSection
	GlobalSection(SolutionProperties) = preSolution
		HideSolutionNode = FALSE
	EndGlobalSection
EndGlobal
